Microsoft Visual Studio Solution File, Format Version 12.00
# Visual Studio Version 16
VisualStudioVersion = 16.0.28407.52
MinimumVisualStudioVersion = 10.0.40219.1
Project("{9A19103F-16F7-4668-BE54-9A1E7A4F7556}") = "Discord.Net.Core", "src\Discord.Net.Core\Discord.Net.Core.csproj", "{91E9E7BD-75C9-4E98-84AA-2C271922E5C2}"
EndProject
Project("{2150E333-8FDC-42A3-9474-1A3956D46DE8}") = "Impls", "Impls", "{288C363D-A636-4EAE-9AC1-4698B641B26E}"
EndProject
Project("{9A19103F-16F7-4668-BE54-9A1E7A4F7556}") = "Discord.Net.Rest", "src\Discord.Net.Rest\Discord.Net.Rest.csproj", "{BFC6DC28-0351-4573-926A-D4124244C04F}"
EndProject
Project("{9A19103F-16F7-4668-BE54-9A1E7A4F7556}") = "Discord.Net.Commands", "src\Discord.Net.Commands\Discord.Net.Commands.csproj", "{078DD7E6-943D-4D09-AFC2-D2BA58B76C9C}"
EndProject
Project("{9A19103F-16F7-4668-BE54-9A1E7A4F7556}") = "Discord.Net.WebSocket", "src\Discord.Net.WebSocket\Discord.Net.WebSocket.csproj", "{688FD1D8-7F01-4539-B2E9-F473C5D699C7}"
EndProject
Project("{2150E333-8FDC-42A3-9474-1A3956D46DE8}") = "Providers", "Providers", "{B0657AAE-DCC5-4FBF-8E5D-1FB578CF3012}"
EndProject
Project("{9A19103F-16F7-4668-BE54-9A1E7A4F7556}") = "Discord.Net.Providers.WS4Net", "src\Discord.Net.Providers.WS4Net\Discord.Net.Providers.WS4Net.csproj", "{6BDEEC08-417B-459F-9CA3-FF8BAB18CAC7}"
EndProject
Project("{2150E333-8FDC-42A3-9474-1A3956D46DE8}") = "Extensions", "Extensions", "{CC3D4B1C-9DE0-448B-8AE7-F3F1F3EC5C3A}"
EndProject
Project("{9A19103F-16F7-4668-BE54-9A1E7A4F7556}") = "Discord.Net.Webhook", "src\Discord.Net.Webhook\Discord.Net.Webhook.csproj", "{9AFAB80E-D2D3-4EDB-B58C-BACA78D1EA30}"
EndProject
Project("{9A19103F-16F7-4668-BE54-9A1E7A4F7556}") = "Discord.Net.Analyzers", "src\Discord.Net.Analyzers\Discord.Net.Analyzers.csproj", "{BBA8E7FB-C834-40DC-822F-B112CB7F0140}"
EndProject
Project("{2150E333-8FDC-42A3-9474-1A3956D46DE8}") = "Samples", "Samples", "{BB59D5B5-E7B0-4BF4-8F82-D14431B2799B}"
EndProject
Project("{9A19103F-16F7-4668-BE54-9A1E7A4F7556}") = "01_basic_ping_bot", "samples\01_basic_ping_bot\01_basic_ping_bot.csproj", "{F2FF84FB-F6AD-47E5-9EE5-18206CAE136E}"
EndProject
Project("{9A19103F-16F7-4668-BE54-9A1E7A4F7556}") = "02_commands_framework", "samples\02_commands_framework\02_commands_framework.csproj", "{4E1F1F40-B1DD-40C9-A4B1-A2046A4C9C76}"
EndProject
Project("{9A19103F-16F7-4668-BE54-9A1E7A4F7556}") = "03_sharded_client", "samples\03_sharded_client\03_sharded_client.csproj", "{9B4C4AFB-3D15-44C6-9E36-12ED625AAA26}"
EndProject
Project("{9A19103F-16F7-4668-BE54-9A1E7A4F7556}") = "Discord.Net.Tests.Unit", "test\Discord.Net.Tests.Unit\Discord.Net.Tests.Unit.csproj", "{DBF8B16E-5967-4480-8EDE-15D98A0DF0C4}"
EndProject
Project("{9A19103F-16F7-4668-BE54-9A1E7A4F7556}") = "Discord.Net.Tests.Integration", "test\Discord.Net.Tests.Integration\Discord.Net.Tests.Integration.csproj", "{E169E15A-E82C-45BF-8C24-C2CADB7093AA}"
EndProject
Project("{2150E333-8FDC-42A3-9474-1A3956D46DE8}") = "Tests", "Tests", "{C7CF5621-7D36-433B-B337-5A2E3C101A71}"
EndProject
Project("{9A19103F-16F7-4668-BE54-9A1E7A4F7556}") = "Discord.Net.Analyzers.Tests", "test\Discord.Net.Analyzers.Tests\Discord.Net.Analyzers.Tests.csproj", "{FC67057C-E92F-4E1C-98BE-46F839C8AD71}"
EndProject
Project("{9A19103F-16F7-4668-BE54-9A1E7A4F7556}") = "Discord.Net.Examples", "src\Discord.Net.Examples\Discord.Net.Examples.csproj", "{47820065-3CFB-401C-ACEA-862BD564A404}"
EndProject
Project("{9A19103F-16F7-4668-BE54-9A1E7A4F7556}") = "idn", "samples\idn\idn.csproj", "{4A03840B-9EBE-47E3-89AB-E0914DF21AFB}"
EndProject
Project("{FAE04EC0-301F-11D3-BF4B-00C04F79EFBC}") = "SlashCommandsExample", "SlashCommandsExample\SlashCommandsExample.csproj", "{2CB2A016-CCEB-4A67-BC7B-098F114D7C27}"
	ProjectSection(ProjectDependencies) = postProject
		{6BDEEC08-417B-459F-9CA3-FF8BAB18CAC7} = {6BDEEC08-417B-459F-9CA3-FF8BAB18CAC7}
		{9AFAB80E-D2D3-4EDB-B58C-BACA78D1EA30} = {9AFAB80E-D2D3-4EDB-B58C-BACA78D1EA30}
		{BFC6DC28-0351-4573-926A-D4124244C04F} = {BFC6DC28-0351-4573-926A-D4124244C04F}
		{E169E15A-E82C-45BF-8C24-C2CADB7093AA} = {E169E15A-E82C-45BF-8C24-C2CADB7093AA}
		{47820065-3CFB-401C-ACEA-862BD564A404} = {47820065-3CFB-401C-ACEA-862BD564A404}
		{DBF8B16E-5967-4480-8EDE-15D98A0DF0C4} = {DBF8B16E-5967-4480-8EDE-15D98A0DF0C4}
		{FC67057C-E92F-4E1C-98BE-46F839C8AD71} = {FC67057C-E92F-4E1C-98BE-46F839C8AD71}
		{91E9E7BD-75C9-4E98-84AA-2C271922E5C2} = {91E9E7BD-75C9-4E98-84AA-2C271922E5C2}
		{688FD1D8-7F01-4539-B2E9-F473C5D699C7} = {688FD1D8-7F01-4539-B2E9-F473C5D699C7}
		{078DD7E6-943D-4D09-AFC2-D2BA58B76C9C} = {078DD7E6-943D-4D09-AFC2-D2BA58B76C9C}
		{BBA8E7FB-C834-40DC-822F-B112CB7F0140} = {BBA8E7FB-C834-40DC-822F-B112CB7F0140}
	EndProjectSection
EndProject
Global
	GlobalSection(SolutionConfigurationPlatforms) = preSolution
		Debug|Any CPU = Debug|Any CPU
		Debug|x64 = Debug|x64
		Debug|x86 = Debug|x86
		Release|Any CPU = Release|Any CPU
		Release|x64 = Release|x64
		Release|x86 = Release|x86
	EndGlobalSection
	GlobalSection(ProjectConfigurationPlatforms) = postSolution
		{91E9E7BD-75C9-4E98-84AA-2C271922E5C2}.Debug|Any CPU.ActiveCfg = Debug|Any CPU
		{91E9E7BD-75C9-4E98-84AA-2C271922E5C2}.Debug|Any CPU.Build.0 = Debug|Any CPU
		{91E9E7BD-75C9-4E98-84AA-2C271922E5C2}.Debug|x64.ActiveCfg = Debug|Any CPU
		{91E9E7BD-75C9-4E98-84AA-2C271922E5C2}.Debug|x64.Build.0 = Debug|Any CPU
		{91E9E7BD-75C9-4E98-84AA-2C271922E5C2}.Debug|x86.ActiveCfg = Debug|Any CPU
		{91E9E7BD-75C9-4E98-84AA-2C271922E5C2}.Debug|x86.Build.0 = Debug|Any CPU
		{91E9E7BD-75C9-4E98-84AA-2C271922E5C2}.Release|Any CPU.ActiveCfg = Release|Any CPU
		{91E9E7BD-75C9-4E98-84AA-2C271922E5C2}.Release|Any CPU.Build.0 = Release|Any CPU
		{91E9E7BD-75C9-4E98-84AA-2C271922E5C2}.Release|x64.ActiveCfg = Release|Any CPU
		{91E9E7BD-75C9-4E98-84AA-2C271922E5C2}.Release|x64.Build.0 = Release|Any CPU
		{91E9E7BD-75C9-4E98-84AA-2C271922E5C2}.Release|x86.ActiveCfg = Release|Any CPU
		{91E9E7BD-75C9-4E98-84AA-2C271922E5C2}.Release|x86.Build.0 = Release|Any CPU
		{BFC6DC28-0351-4573-926A-D4124244C04F}.Debug|Any CPU.ActiveCfg = Debug|Any CPU
		{BFC6DC28-0351-4573-926A-D4124244C04F}.Debug|Any CPU.Build.0 = Debug|Any CPU
		{BFC6DC28-0351-4573-926A-D4124244C04F}.Debug|x64.ActiveCfg = Debug|Any CPU
		{BFC6DC28-0351-4573-926A-D4124244C04F}.Debug|x64.Build.0 = Debug|Any CPU
		{BFC6DC28-0351-4573-926A-D4124244C04F}.Debug|x86.ActiveCfg = Debug|Any CPU
		{BFC6DC28-0351-4573-926A-D4124244C04F}.Debug|x86.Build.0 = Debug|Any CPU
		{BFC6DC28-0351-4573-926A-D4124244C04F}.Release|Any CPU.ActiveCfg = Release|Any CPU
		{BFC6DC28-0351-4573-926A-D4124244C04F}.Release|Any CPU.Build.0 = Release|Any CPU
		{BFC6DC28-0351-4573-926A-D4124244C04F}.Release|x64.ActiveCfg = Debug|Any CPU
		{BFC6DC28-0351-4573-926A-D4124244C04F}.Release|x64.Build.0 = Debug|Any CPU
		{BFC6DC28-0351-4573-926A-D4124244C04F}.Release|x86.ActiveCfg = Debug|Any CPU
		{BFC6DC28-0351-4573-926A-D4124244C04F}.Release|x86.Build.0 = Debug|Any CPU
		{078DD7E6-943D-4D09-AFC2-D2BA58B76C9C}.Debug|Any CPU.ActiveCfg = Debug|Any CPU
		{078DD7E6-943D-4D09-AFC2-D2BA58B76C9C}.Debug|Any CPU.Build.0 = Debug|Any CPU
		{078DD7E6-943D-4D09-AFC2-D2BA58B76C9C}.Debug|x64.ActiveCfg = Debug|Any CPU
		{078DD7E6-943D-4D09-AFC2-D2BA58B76C9C}.Debug|x64.Build.0 = Debug|Any CPU
		{078DD7E6-943D-4D09-AFC2-D2BA58B76C9C}.Debug|x86.ActiveCfg = Debug|Any CPU
		{078DD7E6-943D-4D09-AFC2-D2BA58B76C9C}.Debug|x86.Build.0 = Debug|Any CPU
		{078DD7E6-943D-4D09-AFC2-D2BA58B76C9C}.Release|Any CPU.ActiveCfg = Release|Any CPU
		{078DD7E6-943D-4D09-AFC2-D2BA58B76C9C}.Release|Any CPU.Build.0 = Release|Any CPU
		{078DD7E6-943D-4D09-AFC2-D2BA58B76C9C}.Release|x64.ActiveCfg = Debug|Any CPU
		{078DD7E6-943D-4D09-AFC2-D2BA58B76C9C}.Release|x64.Build.0 = Debug|Any CPU
		{078DD7E6-943D-4D09-AFC2-D2BA58B76C9C}.Release|x86.ActiveCfg = Debug|Any CPU
		{078DD7E6-943D-4D09-AFC2-D2BA58B76C9C}.Release|x86.Build.0 = Debug|Any CPU
		{688FD1D8-7F01-4539-B2E9-F473C5D699C7}.Debug|Any CPU.ActiveCfg = Debug|Any CPU
		{688FD1D8-7F01-4539-B2E9-F473C5D699C7}.Debug|Any CPU.Build.0 = Debug|Any CPU
		{688FD1D8-7F01-4539-B2E9-F473C5D699C7}.Debug|x64.ActiveCfg = Debug|Any CPU
		{688FD1D8-7F01-4539-B2E9-F473C5D699C7}.Debug|x64.Build.0 = Debug|Any CPU
		{688FD1D8-7F01-4539-B2E9-F473C5D699C7}.Debug|x86.ActiveCfg = Debug|Any CPU
		{688FD1D8-7F01-4539-B2E9-F473C5D699C7}.Debug|x86.Build.0 = Debug|Any CPU
		{688FD1D8-7F01-4539-B2E9-F473C5D699C7}.Release|Any CPU.ActiveCfg = Release|Any CPU
		{688FD1D8-7F01-4539-B2E9-F473C5D699C7}.Release|Any CPU.Build.0 = Release|Any CPU
		{688FD1D8-7F01-4539-B2E9-F473C5D699C7}.Release|x64.ActiveCfg = Release|Any CPU
		{688FD1D8-7F01-4539-B2E9-F473C5D699C7}.Release|x64.Build.0 = Release|Any CPU
		{688FD1D8-7F01-4539-B2E9-F473C5D699C7}.Release|x86.ActiveCfg = Release|Any CPU
		{688FD1D8-7F01-4539-B2E9-F473C5D699C7}.Release|x86.Build.0 = Release|Any CPU
		{6BDEEC08-417B-459F-9CA3-FF8BAB18CAC7}.Debug|Any CPU.ActiveCfg = Debug|Any CPU
		{6BDEEC08-417B-459F-9CA3-FF8BAB18CAC7}.Debug|Any CPU.Build.0 = Debug|Any CPU
		{6BDEEC08-417B-459F-9CA3-FF8BAB18CAC7}.Debug|x64.ActiveCfg = Debug|Any CPU
		{6BDEEC08-417B-459F-9CA3-FF8BAB18CAC7}.Debug|x64.Build.0 = Debug|Any CPU
		{6BDEEC08-417B-459F-9CA3-FF8BAB18CAC7}.Debug|x86.ActiveCfg = Debug|Any CPU
		{6BDEEC08-417B-459F-9CA3-FF8BAB18CAC7}.Debug|x86.Build.0 = Debug|Any CPU
		{6BDEEC08-417B-459F-9CA3-FF8BAB18CAC7}.Release|Any CPU.ActiveCfg = Release|Any CPU
		{6BDEEC08-417B-459F-9CA3-FF8BAB18CAC7}.Release|Any CPU.Build.0 = Release|Any CPU
		{6BDEEC08-417B-459F-9CA3-FF8BAB18CAC7}.Release|x64.ActiveCfg = Release|Any CPU
		{6BDEEC08-417B-459F-9CA3-FF8BAB18CAC7}.Release|x64.Build.0 = Release|Any CPU
		{6BDEEC08-417B-459F-9CA3-FF8BAB18CAC7}.Release|x86.ActiveCfg = Release|Any CPU
		{6BDEEC08-417B-459F-9CA3-FF8BAB18CAC7}.Release|x86.Build.0 = Release|Any CPU
		{9AFAB80E-D2D3-4EDB-B58C-BACA78D1EA30}.Debug|Any CPU.ActiveCfg = Debug|Any CPU
		{9AFAB80E-D2D3-4EDB-B58C-BACA78D1EA30}.Debug|Any CPU.Build.0 = Debug|Any CPU
		{9AFAB80E-D2D3-4EDB-B58C-BACA78D1EA30}.Debug|x64.ActiveCfg = Debug|Any CPU
		{9AFAB80E-D2D3-4EDB-B58C-BACA78D1EA30}.Debug|x64.Build.0 = Debug|Any CPU
		{9AFAB80E-D2D3-4EDB-B58C-BACA78D1EA30}.Debug|x86.ActiveCfg = Debug|Any CPU
		{9AFAB80E-D2D3-4EDB-B58C-BACA78D1EA30}.Debug|x86.Build.0 = Debug|Any CPU
		{9AFAB80E-D2D3-4EDB-B58C-BACA78D1EA30}.Release|Any CPU.ActiveCfg = Release|Any CPU
		{9AFAB80E-D2D3-4EDB-B58C-BACA78D1EA30}.Release|Any CPU.Build.0 = Release|Any CPU
		{9AFAB80E-D2D3-4EDB-B58C-BACA78D1EA30}.Release|x64.ActiveCfg = Release|Any CPU
		{9AFAB80E-D2D3-4EDB-B58C-BACA78D1EA30}.Release|x64.Build.0 = Release|Any CPU
		{9AFAB80E-D2D3-4EDB-B58C-BACA78D1EA30}.Release|x86.ActiveCfg = Release|Any CPU
		{9AFAB80E-D2D3-4EDB-B58C-BACA78D1EA30}.Release|x86.Build.0 = Release|Any CPU
		{BBA8E7FB-C834-40DC-822F-B112CB7F0140}.Debug|Any CPU.ActiveCfg = Debug|Any CPU
		{BBA8E7FB-C834-40DC-822F-B112CB7F0140}.Debug|Any CPU.Build.0 = Debug|Any CPU
		{BBA8E7FB-C834-40DC-822F-B112CB7F0140}.Debug|x64.ActiveCfg = Debug|Any CPU
		{BBA8E7FB-C834-40DC-822F-B112CB7F0140}.Debug|x64.Build.0 = Debug|Any CPU
		{BBA8E7FB-C834-40DC-822F-B112CB7F0140}.Debug|x86.ActiveCfg = Debug|Any CPU
		{BBA8E7FB-C834-40DC-822F-B112CB7F0140}.Debug|x86.Build.0 = Debug|Any CPU
		{BBA8E7FB-C834-40DC-822F-B112CB7F0140}.Release|Any CPU.ActiveCfg = Release|Any CPU
		{BBA8E7FB-C834-40DC-822F-B112CB7F0140}.Release|Any CPU.Build.0 = Release|Any CPU
		{BBA8E7FB-C834-40DC-822F-B112CB7F0140}.Release|x64.ActiveCfg = Release|Any CPU
		{BBA8E7FB-C834-40DC-822F-B112CB7F0140}.Release|x64.Build.0 = Release|Any CPU
		{BBA8E7FB-C834-40DC-822F-B112CB7F0140}.Release|x86.ActiveCfg = Release|Any CPU
		{BBA8E7FB-C834-40DC-822F-B112CB7F0140}.Release|x86.Build.0 = Release|Any CPU
		{F2FF84FB-F6AD-47E5-9EE5-18206CAE136E}.Debug|Any CPU.ActiveCfg = Debug|Any CPU
		{F2FF84FB-F6AD-47E5-9EE5-18206CAE136E}.Debug|Any CPU.Build.0 = Debug|Any CPU
		{F2FF84FB-F6AD-47E5-9EE5-18206CAE136E}.Debug|x64.ActiveCfg = Debug|Any CPU
		{F2FF84FB-F6AD-47E5-9EE5-18206CAE136E}.Debug|x64.Build.0 = Debug|Any CPU
		{F2FF84FB-F6AD-47E5-9EE5-18206CAE136E}.Debug|x86.ActiveCfg = Debug|Any CPU
		{F2FF84FB-F6AD-47E5-9EE5-18206CAE136E}.Debug|x86.Build.0 = Debug|Any CPU
		{F2FF84FB-F6AD-47E5-9EE5-18206CAE136E}.Release|Any CPU.ActiveCfg = Release|Any CPU
		{F2FF84FB-F6AD-47E5-9EE5-18206CAE136E}.Release|Any CPU.Build.0 = Release|Any CPU
		{F2FF84FB-F6AD-47E5-9EE5-18206CAE136E}.Release|x64.ActiveCfg = Release|Any CPU
		{F2FF84FB-F6AD-47E5-9EE5-18206CAE136E}.Release|x64.Build.0 = Release|Any CPU
		{F2FF84FB-F6AD-47E5-9EE5-18206CAE136E}.Release|x86.ActiveCfg = Release|Any CPU
		{F2FF84FB-F6AD-47E5-9EE5-18206CAE136E}.Release|x86.Build.0 = Release|Any CPU
		{4E1F1F40-B1DD-40C9-A4B1-A2046A4C9C76}.Debug|Any CPU.ActiveCfg = Debug|Any CPU
		{4E1F1F40-B1DD-40C9-A4B1-A2046A4C9C76}.Debug|Any CPU.Build.0 = Debug|Any CPU
		{4E1F1F40-B1DD-40C9-A4B1-A2046A4C9C76}.Debug|x64.ActiveCfg = Debug|Any CPU
		{4E1F1F40-B1DD-40C9-A4B1-A2046A4C9C76}.Debug|x64.Build.0 = Debug|Any CPU
		{4E1F1F40-B1DD-40C9-A4B1-A2046A4C9C76}.Debug|x86.ActiveCfg = Debug|Any CPU
		{4E1F1F40-B1DD-40C9-A4B1-A2046A4C9C76}.Debug|x86.Build.0 = Debug|Any CPU
		{4E1F1F40-B1DD-40C9-A4B1-A2046A4C9C76}.Release|Any CPU.ActiveCfg = Release|Any CPU
		{4E1F1F40-B1DD-40C9-A4B1-A2046A4C9C76}.Release|Any CPU.Build.0 = Release|Any CPU
		{4E1F1F40-B1DD-40C9-A4B1-A2046A4C9C76}.Release|x64.ActiveCfg = Release|Any CPU
		{4E1F1F40-B1DD-40C9-A4B1-A2046A4C9C76}.Release|x64.Build.0 = Release|Any CPU
		{4E1F1F40-B1DD-40C9-A4B1-A2046A4C9C76}.Release|x86.ActiveCfg = Release|Any CPU
		{4E1F1F40-B1DD-40C9-A4B1-A2046A4C9C76}.Release|x86.Build.0 = Release|Any CPU
		{9B4C4AFB-3D15-44C6-9E36-12ED625AAA26}.Debug|Any CPU.ActiveCfg = Debug|Any CPU
		{9B4C4AFB-3D15-44C6-9E36-12ED625AAA26}.Debug|Any CPU.Build.0 = Debug|Any CPU
		{9B4C4AFB-3D15-44C6-9E36-12ED625AAA26}.Debug|x64.ActiveCfg = Debug|Any CPU
		{9B4C4AFB-3D15-44C6-9E36-12ED625AAA26}.Debug|x64.Build.0 = Debug|Any CPU
		{9B4C4AFB-3D15-44C6-9E36-12ED625AAA26}.Debug|x86.ActiveCfg = Debug|Any CPU
		{9B4C4AFB-3D15-44C6-9E36-12ED625AAA26}.Debug|x86.Build.0 = Debug|Any CPU
		{9B4C4AFB-3D15-44C6-9E36-12ED625AAA26}.Release|Any CPU.ActiveCfg = Release|Any CPU
		{9B4C4AFB-3D15-44C6-9E36-12ED625AAA26}.Release|Any CPU.Build.0 = Release|Any CPU
		{9B4C4AFB-3D15-44C6-9E36-12ED625AAA26}.Release|x64.ActiveCfg = Release|Any CPU
		{9B4C4AFB-3D15-44C6-9E36-12ED625AAA26}.Release|x64.Build.0 = Release|Any CPU
		{9B4C4AFB-3D15-44C6-9E36-12ED625AAA26}.Release|x86.ActiveCfg = Release|Any CPU
		{9B4C4AFB-3D15-44C6-9E36-12ED625AAA26}.Release|x86.Build.0 = Release|Any CPU
		{DBF8B16E-5967-4480-8EDE-15D98A0DF0C4}.Debug|Any CPU.ActiveCfg = Debug|Any CPU
		{DBF8B16E-5967-4480-8EDE-15D98A0DF0C4}.Debug|Any CPU.Build.0 = Debug|Any CPU
		{DBF8B16E-5967-4480-8EDE-15D98A0DF0C4}.Debug|x64.ActiveCfg = Debug|Any CPU
		{DBF8B16E-5967-4480-8EDE-15D98A0DF0C4}.Debug|x64.Build.0 = Debug|Any CPU
		{DBF8B16E-5967-4480-8EDE-15D98A0DF0C4}.Debug|x86.ActiveCfg = Debug|Any CPU
		{DBF8B16E-5967-4480-8EDE-15D98A0DF0C4}.Debug|x86.Build.0 = Debug|Any CPU
		{DBF8B16E-5967-4480-8EDE-15D98A0DF0C4}.Release|Any CPU.ActiveCfg = Release|Any CPU
		{DBF8B16E-5967-4480-8EDE-15D98A0DF0C4}.Release|Any CPU.Build.0 = Release|Any CPU
		{DBF8B16E-5967-4480-8EDE-15D98A0DF0C4}.Release|x64.ActiveCfg = Release|Any CPU
		{DBF8B16E-5967-4480-8EDE-15D98A0DF0C4}.Release|x64.Build.0 = Release|Any CPU
		{DBF8B16E-5967-4480-8EDE-15D98A0DF0C4}.Release|x86.ActiveCfg = Release|Any CPU
		{DBF8B16E-5967-4480-8EDE-15D98A0DF0C4}.Release|x86.Build.0 = Release|Any CPU
		{E169E15A-E82C-45BF-8C24-C2CADB7093AA}.Debug|Any CPU.ActiveCfg = Debug|Any CPU
		{E169E15A-E82C-45BF-8C24-C2CADB7093AA}.Debug|Any CPU.Build.0 = Debug|Any CPU
		{E169E15A-E82C-45BF-8C24-C2CADB7093AA}.Debug|x64.ActiveCfg = Debug|Any CPU
		{E169E15A-E82C-45BF-8C24-C2CADB7093AA}.Debug|x64.Build.0 = Debug|Any CPU
		{E169E15A-E82C-45BF-8C24-C2CADB7093AA}.Debug|x86.ActiveCfg = Debug|Any CPU
		{E169E15A-E82C-45BF-8C24-C2CADB7093AA}.Debug|x86.Build.0 = Debug|Any CPU
		{E169E15A-E82C-45BF-8C24-C2CADB7093AA}.Release|Any CPU.ActiveCfg = Release|Any CPU
		{E169E15A-E82C-45BF-8C24-C2CADB7093AA}.Release|Any CPU.Build.0 = Release|Any CPU
		{E169E15A-E82C-45BF-8C24-C2CADB7093AA}.Release|x64.ActiveCfg = Release|Any CPU
		{E169E15A-E82C-45BF-8C24-C2CADB7093AA}.Release|x64.Build.0 = Release|Any CPU
		{E169E15A-E82C-45BF-8C24-C2CADB7093AA}.Release|x86.ActiveCfg = Release|Any CPU
		{E169E15A-E82C-45BF-8C24-C2CADB7093AA}.Release|x86.Build.0 = Release|Any CPU
		{FC67057C-E92F-4E1C-98BE-46F839C8AD71}.Debug|Any CPU.ActiveCfg = Debug|Any CPU
		{FC67057C-E92F-4E1C-98BE-46F839C8AD71}.Debug|Any CPU.Build.0 = Debug|Any CPU
		{FC67057C-E92F-4E1C-98BE-46F839C8AD71}.Debug|x64.ActiveCfg = Debug|Any CPU
		{FC67057C-E92F-4E1C-98BE-46F839C8AD71}.Debug|x64.Build.0 = Debug|Any CPU
		{FC67057C-E92F-4E1C-98BE-46F839C8AD71}.Debug|x86.ActiveCfg = Debug|Any CPU
		{FC67057C-E92F-4E1C-98BE-46F839C8AD71}.Debug|x86.Build.0 = Debug|Any CPU
		{FC67057C-E92F-4E1C-98BE-46F839C8AD71}.Release|Any CPU.ActiveCfg = Release|Any CPU
		{FC67057C-E92F-4E1C-98BE-46F839C8AD71}.Release|Any CPU.Build.0 = Release|Any CPU
		{FC67057C-E92F-4E1C-98BE-46F839C8AD71}.Release|x64.ActiveCfg = Release|Any CPU
		{FC67057C-E92F-4E1C-98BE-46F839C8AD71}.Release|x64.Build.0 = Release|Any CPU
		{FC67057C-E92F-4E1C-98BE-46F839C8AD71}.Release|x86.ActiveCfg = Release|Any CPU
		{FC67057C-E92F-4E1C-98BE-46F839C8AD71}.Release|x86.Build.0 = Release|Any CPU
		{47820065-3CFB-401C-ACEA-862BD564A404}.Debug|Any CPU.ActiveCfg = Debug|Any CPU
		{47820065-3CFB-401C-ACEA-862BD564A404}.Debug|Any CPU.Build.0 = Debug|Any CPU
		{47820065-3CFB-401C-ACEA-862BD564A404}.Debug|x64.ActiveCfg = Debug|Any CPU
		{47820065-3CFB-401C-ACEA-862BD564A404}.Debug|x64.Build.0 = Debug|Any CPU
		{47820065-3CFB-401C-ACEA-862BD564A404}.Debug|x86.ActiveCfg = Debug|Any CPU
		{47820065-3CFB-401C-ACEA-862BD564A404}.Debug|x86.Build.0 = Debug|Any CPU
		{47820065-3CFB-401C-ACEA-862BD564A404}.Release|Any CPU.ActiveCfg = Release|Any CPU
		{47820065-3CFB-401C-ACEA-862BD564A404}.Release|Any CPU.Build.0 = Release|Any CPU
		{47820065-3CFB-401C-ACEA-862BD564A404}.Release|x64.ActiveCfg = Release|Any CPU
		{47820065-3CFB-401C-ACEA-862BD564A404}.Release|x64.Build.0 = Release|Any CPU
		{47820065-3CFB-401C-ACEA-862BD564A404}.Release|x86.ActiveCfg = Release|Any CPU
		{47820065-3CFB-401C-ACEA-862BD564A404}.Release|x86.Build.0 = Release|Any CPU
		{4A03840B-9EBE-47E3-89AB-E0914DF21AFB}.Debug|Any CPU.ActiveCfg = Debug|Any CPU
		{4A03840B-9EBE-47E3-89AB-E0914DF21AFB}.Debug|Any CPU.Build.0 = Debug|Any CPU
		{4A03840B-9EBE-47E3-89AB-E0914DF21AFB}.Debug|x64.ActiveCfg = Debug|Any CPU
		{4A03840B-9EBE-47E3-89AB-E0914DF21AFB}.Debug|x64.Build.0 = Debug|Any CPU
		{4A03840B-9EBE-47E3-89AB-E0914DF21AFB}.Debug|x86.ActiveCfg = Debug|Any CPU
		{4A03840B-9EBE-47E3-89AB-E0914DF21AFB}.Debug|x86.Build.0 = Debug|Any CPU
		{4A03840B-9EBE-47E3-89AB-E0914DF21AFB}.Release|Any CPU.ActiveCfg = Release|Any CPU
		{4A03840B-9EBE-47E3-89AB-E0914DF21AFB}.Release|Any CPU.Build.0 = Release|Any CPU
		{4A03840B-9EBE-47E3-89AB-E0914DF21AFB}.Release|x64.ActiveCfg = Release|Any CPU
		{4A03840B-9EBE-47E3-89AB-E0914DF21AFB}.Release|x64.Build.0 = Release|Any CPU
		{4A03840B-9EBE-47E3-89AB-E0914DF21AFB}.Release|x86.ActiveCfg = Release|Any CPU
		{4A03840B-9EBE-47E3-89AB-E0914DF21AFB}.Release|x86.Build.0 = Release|Any CPU
		{2CB2A016-CCEB-4A67-BC7B-098F114D7C27}.Debug|Any CPU.ActiveCfg = Debug|Any CPU
		{2CB2A016-CCEB-4A67-BC7B-098F114D7C27}.Debug|Any CPU.Build.0 = Debug|Any CPU
		{2CB2A016-CCEB-4A67-BC7B-098F114D7C27}.Debug|x64.ActiveCfg = Debug|Any CPU
		{2CB2A016-CCEB-4A67-BC7B-098F114D7C27}.Debug|x64.Build.0 = Debug|Any CPU
		{2CB2A016-CCEB-4A67-BC7B-098F114D7C27}.Debug|x86.ActiveCfg = Debug|Any CPU
		{2CB2A016-CCEB-4A67-BC7B-098F114D7C27}.Debug|x86.Build.0 = Debug|Any CPU
		{2CB2A016-CCEB-4A67-BC7B-098F114D7C27}.Release|Any CPU.ActiveCfg = Release|Any CPU
		{2CB2A016-CCEB-4A67-BC7B-098F114D7C27}.Release|Any CPU.Build.0 = Release|Any CPU
		{2CB2A016-CCEB-4A67-BC7B-098F114D7C27}.Release|x64.ActiveCfg = Release|Any CPU
		{2CB2A016-CCEB-4A67-BC7B-098F114D7C27}.Release|x64.Build.0 = Release|Any CPU
		{2CB2A016-CCEB-4A67-BC7B-098F114D7C27}.Release|x86.ActiveCfg = Release|Any CPU
		{2CB2A016-CCEB-4A67-BC7B-098F114D7C27}.Release|x86.Build.0 = Release|Any CPU
	EndGlobalSection
	GlobalSection(SolutionProperties) = preSolution
		HideSolutionNode = FALSE
	EndGlobalSection
	GlobalSection(NestedProjects) = preSolution
		{BFC6DC28-0351-4573-926A-D4124244C04F} = {288C363D-A636-4EAE-9AC1-4698B641B26E}
		{078DD7E6-943D-4D09-AFC2-D2BA58B76C9C} = {CC3D4B1C-9DE0-448B-8AE7-F3F1F3EC5C3A}
		{688FD1D8-7F01-4539-B2E9-F473C5D699C7} = {288C363D-A636-4EAE-9AC1-4698B641B26E}
		{6BDEEC08-417B-459F-9CA3-FF8BAB18CAC7} = {B0657AAE-DCC5-4FBF-8E5D-1FB578CF3012}
		{9AFAB80E-D2D3-4EDB-B58C-BACA78D1EA30} = {CC3D4B1C-9DE0-448B-8AE7-F3F1F3EC5C3A}
		{BBA8E7FB-C834-40DC-822F-B112CB7F0140} = {CC3D4B1C-9DE0-448B-8AE7-F3F1F3EC5C3A}
		{F2FF84FB-F6AD-47E5-9EE5-18206CAE136E} = {BB59D5B5-E7B0-4BF4-8F82-D14431B2799B}
		{4E1F1F40-B1DD-40C9-A4B1-A2046A4C9C76} = {BB59D5B5-E7B0-4BF4-8F82-D14431B2799B}
		{9B4C4AFB-3D15-44C6-9E36-12ED625AAA26} = {BB59D5B5-E7B0-4BF4-8F82-D14431B2799B}
		{DBF8B16E-5967-4480-8EDE-15D98A0DF0C4} = {C7CF5621-7D36-433B-B337-5A2E3C101A71}
		{E169E15A-E82C-45BF-8C24-C2CADB7093AA} = {C7CF5621-7D36-433B-B337-5A2E3C101A71}
		{FC67057C-E92F-4E1C-98BE-46F839C8AD71} = {C7CF5621-7D36-433B-B337-5A2E3C101A71}
		{47820065-3CFB-401C-ACEA-862BD564A404} = {BB59D5B5-E7B0-4BF4-8F82-D14431B2799B}
		{4A03840B-9EBE-47E3-89AB-E0914DF21AFB} = {BB59D5B5-E7B0-4BF4-8F82-D14431B2799B}
		{2CB2A016-CCEB-4A67-BC7B-098F114D7C27} = {BB59D5B5-E7B0-4BF4-8F82-D14431B2799B}
	EndGlobalSection
	GlobalSection(ExtensibilityGlobals) = postSolution
		SolutionGuid = {D2404771-EEC8-45F2-9D71-F3373F6C1495}
	EndGlobalSection
	GlobalSection(CodealikeProperties) = postSolution
		SolutionGuid = a45217b4-a401-4dbf-8654-34d2ec034cd9
	EndGlobalSection
EndGlobal
