
Microsoft Visual Studio Solution File, Format Version 12.00
# Visual Studio 15
VisualStudioVersion = 15.0.25914.0
MinimumVisualStudioVersion = 10.0.40219.1
Project("{2150E333-8FDC-42A3-9474-1A3956D46DE8}") = "Solution Items", "Solution Items", "{F7F3E124-93C7-4846-AE87-9CE12BD82859}"
	ProjectSection(SolutionItems) = preProject
		global.json = global.json
		README.md = README.md
	EndProjectSection
EndProject
Project("{9A19103F-16F7-4668-BE54-9A1E7A4F7556}") = "Discord.Net", "src\Discord.Net\Discord.Net.csproj", "{496DB20A-A455-4D01-B6BC-90FE6D7C6B81}"
EndProject
Project("{9A19103F-16F7-4668-BE54-9A1E7A4F7556}") = "Discord.Net.Core", "src\Discord.Net.Core\Discord.Net.Core.csproj", "{91E9E7BD-75C9-4E98-84AA-2C271922E5C2}"
EndProject
Project("{2150E333-8FDC-42A3-9474-1A3956D46DE8}") = "Impls", "Impls", "{288C363D-A636-4EAE-9AC1-4698B641B26E}"
EndProject
Project("{9A19103F-16F7-4668-BE54-9A1E7A4F7556}") = "Discord.Net.Rest", "src\Discord.Net.Rest\Discord.Net.Rest.csproj", "{BFC6DC28-0351-4573-926A-D4124244C04F}"
EndProject
Project("{9A19103F-16F7-4668-BE54-9A1E7A4F7556}") = "Discord.Net.Rpc", "src\Discord.Net.Rpc\Discord.Net.Rpc.csproj", "{5688A353-121E-40A1-8BFA-B17B91FB48FB}"
EndProject
Project("{9A19103F-16F7-4668-BE54-9A1E7A4F7556}") = "Discord.Net.Commands", "src\Discord.Net.Commands\Discord.Net.Commands.csproj", "{078DD7E6-943D-4D09-AFC2-D2BA58B76C9C}"
EndProject
Project("{9A19103F-16F7-4668-BE54-9A1E7A4F7556}") = "Discord.Net.WebSocket", "src\Discord.Net.WebSocket\Discord.Net.WebSocket.csproj", "{688FD1D8-7F01-4539-B2E9-F473C5D699C7}"
EndProject
Global
	GlobalSection(SolutionConfigurationPlatforms) = preSolution
		Debug|Any CPU = Debug|Any CPU
		Debug|x64 = Debug|x64
		Debug|x86 = Debug|x86
		Release|Any CPU = Release|Any CPU
		Release|x64 = Release|x64
		Release|x86 = Release|x86
	EndGlobalSection
	GlobalSection(ProjectConfigurationPlatforms) = postSolution
		{496DB20A-A455-4D01-B6BC-90FE6D7C6B81}.Debug|Any CPU.ActiveCfg = Debug|Any CPU
		{496DB20A-A455-4D01-B6BC-90FE6D7C6B81}.Debug|Any CPU.Build.0 = Debug|Any CPU
		{496DB20A-A455-4D01-B6BC-90FE6D7C6B81}.Debug|x64.ActiveCfg = Debug|Any CPU
		{496DB20A-A455-4D01-B6BC-90FE6D7C6B81}.Debug|x64.Build.0 = Debug|Any CPU
		{496DB20A-A455-4D01-B6BC-90FE6D7C6B81}.Debug|x86.ActiveCfg = Debug|Any CPU
		{496DB20A-A455-4D01-B6BC-90FE6D7C6B81}.Debug|x86.Build.0 = Debug|Any CPU
		{496DB20A-A455-4D01-B6BC-90FE6D7C6B81}.Release|Any CPU.ActiveCfg = Debug|Any CPU
		{496DB20A-A455-4D01-B6BC-90FE6D7C6B81}.Release|Any CPU.Build.0 = Debug|Any CPU
		{496DB20A-A455-4D01-B6BC-90FE6D7C6B81}.Release|x64.ActiveCfg = Debug|Any CPU
		{496DB20A-A455-4D01-B6BC-90FE6D7C6B81}.Release|x64.Build.0 = Debug|Any CPU
		{496DB20A-A455-4D01-B6BC-90FE6D7C6B81}.Release|x86.ActiveCfg = Debug|Any CPU
		{496DB20A-A455-4D01-B6BC-90FE6D7C6B81}.Release|x86.Build.0 = Debug|Any CPU
		{91E9E7BD-75C9-4E98-84AA-2C271922E5C2}.Debug|Any CPU.ActiveCfg = Debug|Any CPU
		{91E9E7BD-75C9-4E98-84AA-2C271922E5C2}.Debug|Any CPU.Build.0 = Debug|Any CPU
		{91E9E7BD-75C9-4E98-84AA-2C271922E5C2}.Debug|x64.ActiveCfg = Debug|x64
		{91E9E7BD-75C9-4E98-84AA-2C271922E5C2}.Debug|x64.Build.0 = Debug|x64
		{91E9E7BD-75C9-4E98-84AA-2C271922E5C2}.Debug|x86.ActiveCfg = Debug|x86
		{91E9E7BD-75C9-4E98-84AA-2C271922E5C2}.Debug|x86.Build.0 = Debug|x86
		{91E9E7BD-75C9-4E98-84AA-2C271922E5C2}.Release|Any CPU.ActiveCfg = Debug|Any CPU
		{91E9E7BD-75C9-4E98-84AA-2C271922E5C2}.Release|Any CPU.Build.0 = Debug|Any CPU
		{91E9E7BD-75C9-4E98-84AA-2C271922E5C2}.Release|x64.ActiveCfg = Release|x64
		{91E9E7BD-75C9-4E98-84AA-2C271922E5C2}.Release|x64.Build.0 = Release|x64
		{91E9E7BD-75C9-4E98-84AA-2C271922E5C2}.Release|x86.ActiveCfg = Release|x86
		{91E9E7BD-75C9-4E98-84AA-2C271922E5C2}.Release|x86.Build.0 = Release|x86
		{BFC6DC28-0351-4573-926A-D4124244C04F}.Debug|Any CPU.ActiveCfg = Debug|Any CPU
		{BFC6DC28-0351-4573-926A-D4124244C04F}.Debug|Any CPU.Build.0 = Debug|Any CPU
		{BFC6DC28-0351-4573-926A-D4124244C04F}.Debug|x64.ActiveCfg = Debug|Any CPU
		{BFC6DC28-0351-4573-926A-D4124244C04F}.Debug|x64.Build.0 = Debug|Any CPU
		{BFC6DC28-0351-4573-926A-D4124244C04F}.Debug|x86.ActiveCfg = Debug|Any CPU
		{BFC6DC28-0351-4573-926A-D4124244C04F}.Debug|x86.Build.0 = Debug|Any CPU
		{BFC6DC28-0351-4573-926A-D4124244C04F}.Release|Any CPU.ActiveCfg = Debug|Any CPU
		{BFC6DC28-0351-4573-926A-D4124244C04F}.Release|Any CPU.Build.0 = Debug|Any CPU
		{BFC6DC28-0351-4573-926A-D4124244C04F}.Release|x64.ActiveCfg = Debug|Any CPU
		{BFC6DC28-0351-4573-926A-D4124244C04F}.Release|x64.Build.0 = Debug|Any CPU
		{BFC6DC28-0351-4573-926A-D4124244C04F}.Release|x86.ActiveCfg = Debug|Any CPU
		{BFC6DC28-0351-4573-926A-D4124244C04F}.Release|x86.Build.0 = Debug|Any CPU
		{5688A353-121E-40A1-8BFA-B17B91FB48FB}.Debug|Any CPU.ActiveCfg = Debug|Any CPU
		{5688A353-121E-40A1-8BFA-B17B91FB48FB}.Debug|Any CPU.Build.0 = Debug|Any CPU
		{5688A353-121E-40A1-8BFA-B17B91FB48FB}.Debug|x64.ActiveCfg = Debug|Any CPU
		{5688A353-121E-40A1-8BFA-B17B91FB48FB}.Debug|x64.Build.0 = Debug|Any CPU
		{5688A353-121E-40A1-8BFA-B17B91FB48FB}.Debug|x86.ActiveCfg = Debug|Any CPU
		{5688A353-121E-40A1-8BFA-B17B91FB48FB}.Debug|x86.Build.0 = Debug|Any CPU
		{5688A353-121E-40A1-8BFA-B17B91FB48FB}.Release|Any CPU.ActiveCfg = Debug|Any CPU
		{5688A353-121E-40A1-8BFA-B17B91FB48FB}.Release|Any CPU.Build.0 = Debug|Any CPU
		{5688A353-121E-40A1-8BFA-B17B91FB48FB}.Release|x64.ActiveCfg = Debug|Any CPU
		{5688A353-121E-40A1-8BFA-B17B91FB48FB}.Release|x64.Build.0 = Debug|Any CPU
		{5688A353-121E-40A1-8BFA-B17B91FB48FB}.Release|x86.ActiveCfg = Debug|Any CPU
		{5688A353-121E-40A1-8BFA-B17B91FB48FB}.Release|x86.Build.0 = Debug|Any CPU
		{078DD7E6-943D-4D09-AFC2-D2BA58B76C9C}.Debug|Any CPU.ActiveCfg = Debug|Any CPU
		{078DD7E6-943D-4D09-AFC2-D2BA58B76C9C}.Debug|Any CPU.Build.0 = Debug|Any CPU
		{078DD7E6-943D-4D09-AFC2-D2BA58B76C9C}.Debug|x64.ActiveCfg = Debug|Any CPU
		{078DD7E6-943D-4D09-AFC2-D2BA58B76C9C}.Debug|x64.Build.0 = Debug|Any CPU
		{078DD7E6-943D-4D09-AFC2-D2BA58B76C9C}.Debug|x86.ActiveCfg = Debug|Any CPU
		{078DD7E6-943D-4D09-AFC2-D2BA58B76C9C}.Debug|x86.Build.0 = Debug|Any CPU
		{078DD7E6-943D-4D09-AFC2-D2BA58B76C9C}.Release|Any CPU.ActiveCfg = Debug|Any CPU
		{078DD7E6-943D-4D09-AFC2-D2BA58B76C9C}.Release|Any CPU.Build.0 = Debug|Any CPU
		{078DD7E6-943D-4D09-AFC2-D2BA58B76C9C}.Release|x64.ActiveCfg = Debug|Any CPU
		{078DD7E6-943D-4D09-AFC2-D2BA58B76C9C}.Release|x64.Build.0 = Debug|Any CPU
		{078DD7E6-943D-4D09-AFC2-D2BA58B76C9C}.Release|x86.ActiveCfg = Debug|Any CPU
		{078DD7E6-943D-4D09-AFC2-D2BA58B76C9C}.Release|x86.Build.0 = Debug|Any CPU
		{688FD1D8-7F01-4539-B2E9-F473C5D699C7}.Debug|Any CPU.ActiveCfg = Debug|Any CPU
		{688FD1D8-7F01-4539-B2E9-F473C5D699C7}.Debug|Any CPU.Build.0 = Debug|Any CPU
		{688FD1D8-7F01-4539-B2E9-F473C5D699C7}.Debug|x64.ActiveCfg = Debug|x64
		{688FD1D8-7F01-4539-B2E9-F473C5D699C7}.Debug|x64.Build.0 = Debug|x64
		{688FD1D8-7F01-4539-B2E9-F473C5D699C7}.Debug|x86.ActiveCfg = Debug|x86
		{688FD1D8-7F01-4539-B2E9-F473C5D699C7}.Debug|x86.Build.0 = Debug|x86
		{688FD1D8-7F01-4539-B2E9-F473C5D699C7}.Release|Any CPU.ActiveCfg = Release|Any CPU
		{688FD1D8-7F01-4539-B2E9-F473C5D699C7}.Release|Any CPU.Build.0 = Release|Any CPU
		{688FD1D8-7F01-4539-B2E9-F473C5D699C7}.Release|x64.ActiveCfg = Release|x64
		{688FD1D8-7F01-4539-B2E9-F473C5D699C7}.Release|x64.Build.0 = Release|x64
		{688FD1D8-7F01-4539-B2E9-F473C5D699C7}.Release|x86.ActiveCfg = Release|x86
		{688FD1D8-7F01-4539-B2E9-F473C5D699C7}.Release|x86.Build.0 = Release|x86
	EndGlobalSection
	GlobalSection(SolutionProperties) = preSolution
		HideSolutionNode = FALSE
	EndGlobalSection
	GlobalSection(NestedProjects) = preSolution
		{BFC6DC28-0351-4573-926A-D4124244C04F} = {288C363D-A636-4EAE-9AC1-4698B641B26E}
		{5688A353-121E-40A1-8BFA-B17B91FB48FB} = {288C363D-A636-4EAE-9AC1-4698B641B26E}
		{688FD1D8-7F01-4539-B2E9-F473C5D699C7} = {288C363D-A636-4EAE-9AC1-4698B641B26E}
	EndGlobalSection
EndGlobal
