{
  "version": 1,
  "dependencies": {
    "net8.0": {
      "Discord.Net.Commands": {
        "type": "Direct",
        "requested": "[3.17.0, )",
        "resolved": "3.17.0",
        "contentHash": "bWvJ+5OBNIvuCa0Ga/wnwij1dv780+uESGCd035YrRAYCvgDWwNMozeDTifmoSVyDKDIazkw+RIUXUpnrgvPIA==",
        "dependencies": {
          "Discord.Net.Core": "3.17.0",
          "Microsoft.Extensions.DependencyInjection.Abstractions": "9.0.0"
        }
      },
      "Discord.Net.WebSocket": {
        "type": "Direct",
        "requested": "[3.17.0, )",
        "resolved": "3.17.0",
        "contentHash": "ULDG9rvNySJqV3FdxlZUfto7EMPG0ashI191b8vA4bCBmbepw329pknXZMdfkTCIoq3JtUNZskdl428RrbbWzQ==",
        "dependencies": {
          "Discord.Net.Core": "3.17.0",
          "Discord.Net.Rest": "3.17.0"
        }
      },
      "Microsoft.Extensions.DependencyInjection": {
        "type": "Direct",
        "requested": "[9.0.0, )",
        "resolved": "9.0.0",
        "contentHash": "MCPrg7v3QgNMr0vX4vzRXvkNGgLg8vKWX0nKCWUxu2uPyMsaRgiRc1tHBnbTcfJMhMKj2slE/j2M9oGkd25DNw==",
        "dependencies": {
          "Microsoft.Extensions.DependencyInjection.Abstractions": "9.0.0"
        }
      },
      "Discord.Net.Core": {
        "type": "Transitive",
        "resolved": "3.17.0",
        "contentHash": "X6AUIdbi0MriDPEINA/xdoHpbPiDmAVYUkw7NMJjOPQAZOKJDcLINTwJ9uZmX0TtKYlyHyKIYmlvkPR2XCU3Uw==",
        "dependencies": {
          "Newtonsoft.Json": "13.0.3",
          "System.Collections.Immutable": "9.0.0",
          "System.Interactive.Async": "6.0.1",
          "System.ValueTuple": "4.5.0"
        }
      },
      "Discord.Net.Rest": {
        "type": "Transitive",
        "resolved": "3.17.0",
        "contentHash": "vVrRrN4ofjsxmKBPdrJSI+oxadYgwyILHaZ2Y4vNpqxNFyEUYud7lmR26o40XVqBQCWFR4UGh4nJaftFQXaupw==",
        "dependencies": {
          "Discord.Net.Core": "3.17.0"
        }
      },
      "Microsoft.Bcl.AsyncInterfaces": {
        "type": "Transitive",
        "resolved": "6.0.0",
        "contentHash": "UcSjPsst+DfAdJGVDsu346FX0ci0ah+lw3WRtn18NUwEqRt70HaOQ7lI72vy3+1LxtqI3T5GWwV39rQSrCzAeg=="
      },
      "Microsoft.Extensions.DependencyInjection.Abstractions": {
        "type": "Transitive",
        "resolved": "9.0.0",
        "contentHash": "+6f2qv2a3dLwd5w6JanPIPs47CxRbnk+ZocMJUhv9NxP88VlOcJYZs9jY+MYSjxvady08bUZn6qgiNh7DadGgg=="
      },
      "Newtonsoft.Json": {
        "type": "Transitive",
        "resolved": "13.0.3",
        "contentHash": "HrC5BXdl00IP9zeV+0Z848QWPAoCr9P3bDEZguI+gkLcBKAOxix/tLEAAHC+UvDNPv4a2d18lOReHMOagPa+zQ=="
      },
      "System.Collections.Immutable": {
        "type": "Transitive",
        "resolved": "9.0.0",
        "contentHash": "QhkXUl2gNrQtvPmtBTQHb0YsUrDiDQ2QS09YbtTTiSjGcf7NBqtYbrG/BE06zcBPCKEwQGzIv13IVdXNOSub2w=="
      },
      "System.Interactive.Async": {
        "type": "Transitive",
        "resolved": "6.0.1",
        "contentHash": "f8H1O4ZWDQo344y5NQU76G4SIjWMuKDVXL9OM1dg6K5YZnLkc8iCdQDybBvMcC6ufk61jzXGVAX6UCDu0qDSjA==",
        "dependencies": {
          "System.Linq.Async": "6.0.1"
        }
      },
      "System.Linq.Async": {
        "type": "Transitive",
        "resolved": "6.0.1",
        "contentHash": "0YhHcaroWpQ9UCot3Pizah7ryAzQhNvobLMSxeDIGmnXfkQn8u5owvpOH0K6EVB+z9L7u6Cc4W17Br/+jyttEQ==",
        "dependencies": {
          "Microsoft.Bcl.AsyncInterfaces": "6.0.0"
        }
      },
      "System.ValueTuple": {
        "type": "Transitive",
        "resolved": "4.5.0",
        "contentHash": "okurQJO6NRE/apDIP23ajJ0hpiNmJ+f0BwOlB/cSqTLQlw5upkf+5+96+iG2Jw40G1fCVCyPz/FhIABUjMR+RQ=="
      }
    }
  }
}