
Microsoft Visual Studio Solution File, Format Version 12.00
Project("{FAE04EC0-301F-11D3-BF4B-00C04F79EFBC}") = "MediatRSample", "MediatRSample\MediatRSample.csproj", "{CE066EE5-7ED1-42A0-8DB2-862D44F40EA7}"
EndProject
Global
	GlobalSection(SolutionConfigurationPlatforms) = preSolution
		Debug|Any CPU = Debug|Any CPU
		Release|Any CPU = Release|Any CPU
	EndGlobalSection
	GlobalSection(ProjectConfigurationPlatforms) = postSolution
		{CE066EE5-7ED1-42A0-8DB2-862D44F40EA7}.Debug|Any CPU.ActiveCfg = Debug|Any CPU
		{CE066EE5-7ED1-42A0-8DB2-862D44F40EA7}.Debug|Any CPU.Build.0 = Debug|Any CPU
		{CE066EE5-7ED1-42A0-8DB2-862D44F40EA7}.Release|Any CPU.ActiveCfg = Release|Any CPU
		{CE066EE5-7ED1-42A0-8DB2-862D44F40EA7}.Release|Any CPU.Build.0 = Release|Any CPU
	EndGlobalSection
EndGlobal
